
Microsoft Visual Studio Solution File, Format Version 12.00
# Visual Studio Version 17
VisualStudioVersion = 17.11.35312.102
MinimumVisualStudioVersion = 10.0.40219.1
Project("{9A19103F-16F7-4668-BE54-9A1E7A4F7556}") = "ParsElecom.ConfigManager", "ParsElecom.ConfigManager.csproj", "{7C0AE639-B5B7-49DB-8B39-1E37828473BD}"
EndProject
Global
	GlobalSection(SolutionConfigurationPlatforms) = preSolution
		Debug|Any CPU = Debug|Any CPU
		Release|Any CPU = Release|Any CPU
	EndGlobalSection
	GlobalSection(ProjectConfigurationPlatforms) = postSolution
		{7C0AE639-B5B7-49DB-8B39-1E37828473BD}.Debug|Any CPU.ActiveCfg = Debug|Any CPU
		{7C0AE639-B5B7-49DB-8B39-1E37828473BD}.Debug|Any CPU.Build.0 = Debug|Any CPU
		{7C0AE639-B5B7-49DB-8B39-1E37828473BD}.Release|Any CPU.ActiveCfg = Release|Any CPU
		{7C0AE639-B5B7-49DB-8B39-1E37828473BD}.Release|Any CPU.Build.0 = Release|Any CPU
	EndGlobalSection
	GlobalSection(SolutionProperties) = preSolution
		HideSolutionNode = FALSE
	EndGlobalSection
	GlobalSection(ExtensibilityGlobals) = postSolution
		SolutionGuid = {C544BB25-8F5E-41FE-8CF5-BA35DF78AA97}
	EndGlobalSection
EndGlobal
